
Microsoft Visual Studio Solution File, Format Version 12.00
# Visual Studio 15
VisualStudioVersion = 15.0.27130.2027
MinimumVisualStudioVersion = 10.0.40219.1
Project("{FAE04EC0-301F-11D3-BF4B-00C04F79EFBC}") = "UsefullCodeConsole", "UsefullCodeConsole\UsefullCodeConsole.csproj", "{206E7F72-EF2B-48CD-ABAD-D4A96C767E73}"
EndProject
Global
	GlobalSection(SolutionConfigurationPlatforms) = preSolution
		Debug|Any CPU = Debug|Any CPU
		Release|Any CPU = Release|Any CPU
	EndGlobalSection
	GlobalSection(ProjectConfigurationPlatforms) = postSolution
		{206E7F72-EF2B-48CD-ABAD-D4A96C767E73}.Debug|Any CPU.ActiveCfg = Debug|Any CPU
		{206E7F72-EF2B-48CD-ABAD-D4A96C767E73}.Debug|Any CPU.Build.0 = Debug|Any CPU
		{206E7F72-EF2B-48CD-ABAD-D4A96C767E73}.Release|Any CPU.ActiveCfg = Release|Any CPU
		{206E7F72-EF2B-48CD-ABAD-D4A96C767E73}.Release|Any CPU.Build.0 = Release|Any CPU
	EndGlobalSection
	GlobalSection(SolutionProperties) = preSolution
		HideSolutionNode = FALSE
	EndGlobalSection
	GlobalSection(ExtensibilityGlobals) = postSolution
		SolutionGuid = {580D7836-03DA-403E-972D-43B0354C4E53}
	EndGlobalSection
EndGlobal
